
Microsoft Visual Studio Solution File, Format Version 12.00
# Visual Studio Version 17
VisualStudioVersion = 17.9.34701.34
MinimumVisualStudioVersion = 10.0.40219.1
Project("{FAE04EC0-301F-11D3-BF4B-00C04F79EFBC}") = "JogoDaAdivinhacao.ConsoleApp", "JogoDaAdivinhacao.ConsoleApp\JogoDaAdivinhacao.ConsoleApp.csproj", "{E6397E5A-EE8C-426F-858F-7F096FC18181}"
EndProject
Global
	GlobalSection(SolutionConfigurationPlatforms) = preSolution
		Debug|Any CPU = Debug|Any CPU
		Release|Any CPU = Release|Any CPU
	EndGlobalSection
	GlobalSection(ProjectConfigurationPlatforms) = postSolution
		{E6397E5A-EE8C-426F-858F-7F096FC18181}.Debug|Any CPU.ActiveCfg = Debug|Any CPU
		{E6397E5A-EE8C-426F-858F-7F096FC18181}.Debug|Any CPU.Build.0 = Debug|Any CPU
		{E6397E5A-EE8C-426F-858F-7F096FC18181}.Release|Any CPU.ActiveCfg = Release|Any CPU
		{E6397E5A-EE8C-426F-858F-7F096FC18181}.Release|Any CPU.Build.0 = Release|Any CPU
	EndGlobalSection
	GlobalSection(SolutionProperties) = preSolution
		HideSolutionNode = FALSE
	EndGlobalSection
	GlobalSection(ExtensibilityGlobals) = postSolution
		SolutionGuid = {ABD13C8A-6980-4BA8-B4A8-0A53F50B83A7}
	EndGlobalSection
EndGlobal
